
Microsoft Visual Studio Solution File, Format Version 12.00
Project("{FAE04EC0-301F-11D3-BF4B-00C04F79EFBC}") = "FileUpload.API", "FileUpload.API\FileUpload.API.csproj", "{387540ED-CBEF-4D67-AE16-92025E2472DB}"
EndProject
Project("{FAE04EC0-301F-11D3-BF4B-00C04F79EFBC}") = "FileUpload.Application", "FileUpload.Application\FileUpload.Application.csproj", "{0539FB62-C9DD-43D7-90E1-E71ED9CD58F6}"
EndProject
Global
	GlobalSection(SolutionConfigurationPlatforms) = preSolution
		Debug|Any CPU = Debug|Any CPU
		Release|Any CPU = Release|Any CPU
	EndGlobalSection
	GlobalSection(ProjectConfigurationPlatforms) = postSolution
		{387540ED-CBEF-4D67-AE16-92025E2472DB}.Debug|Any CPU.ActiveCfg = Debug|Any CPU
		{387540ED-CBEF-4D67-AE16-92025E2472DB}.Debug|Any CPU.Build.0 = Debug|Any CPU
		{387540ED-CBEF-4D67-AE16-92025E2472DB}.Release|Any CPU.ActiveCfg = Release|Any CPU
		{387540ED-CBEF-4D67-AE16-92025E2472DB}.Release|Any CPU.Build.0 = Release|Any CPU
		{0539FB62-C9DD-43D7-90E1-E71ED9CD58F6}.Debug|Any CPU.ActiveCfg = Debug|Any CPU
		{0539FB62-C9DD-43D7-90E1-E71ED9CD58F6}.Debug|Any CPU.Build.0 = Debug|Any CPU
		{0539FB62-C9DD-43D7-90E1-E71ED9CD58F6}.Release|Any CPU.ActiveCfg = Release|Any CPU
		{0539FB62-C9DD-43D7-90E1-E71ED9CD58F6}.Release|Any CPU.Build.0 = Release|Any CPU
	EndGlobalSection
EndGlobal
